
Microsoft Visual Studio Solution File, Format Version 12.00
# Visual Studio Version 16
VisualStudioVersion = 16.0.32602.291
MinimumVisualStudioVersion = 10.0.40219.1
Project("{FAE04EC0-301F-11D3-BF4B-00C04F79EFBC}") = "Assignment", "Assignment.csproj", "{AF15DF56-B4E4-4A05-822F-6EEE7152D24B}"
EndProject
Global
	GlobalSection(SolutionConfigurationPlatforms) = preSolution
		Debug|Any CPU = Debug|Any CPU
		Release|Any CPU = Release|Any CPU
	EndGlobalSection
	GlobalSection(ProjectConfigurationPlatforms) = postSolution
		{AF15DF56-B4E4-4A05-822F-6EEE7152D24B}.Debug|Any CPU.ActiveCfg = Debug|Any CPU
		{AF15DF56-B4E4-4A05-822F-6EEE7152D24B}.Debug|Any CPU.Build.0 = Debug|Any CPU
		{AF15DF56-B4E4-4A05-822F-6EEE7152D24B}.Release|Any CPU.ActiveCfg = Release|Any CPU
		{AF15DF56-B4E4-4A05-822F-6EEE7152D24B}.Release|Any CPU.Build.0 = Release|Any CPU
	EndGlobalSection
	GlobalSection(SolutionProperties) = preSolution
		HideSolutionNode = FALSE
	EndGlobalSection
	GlobalSection(ExtensibilityGlobals) = postSolution
		SolutionGuid = {53CD5896-0045-4500-B4ED-DB1C7E190E1F}
	EndGlobalSection
EndGlobal
